
Microsoft Visual Studio Solution File, Format Version 12.00
# Visual Studio Version 16
VisualStudioVersion = 16.0.29102.190
MinimumVisualStudioVersion = 10.0.40219.1
Project("{FAE04EC0-301F-11D3-BF4B-00C04F79EFBC}") = "Integracao-Windows", "Integracao-Windows.csproj", "{3AFF6690-6E8D-49C2-B660-14757CB173CD}"
EndProject
Global
	GlobalSection(SolutionConfigurationPlatforms) = preSolution
		Debug|Any CPU = Debug|Any CPU
		Release|Any CPU = Release|Any CPU
	EndGlobalSection
	GlobalSection(ProjectConfigurationPlatforms) = postSolution
		{3AFF6690-6E8D-49C2-B660-14757CB173CD}.Debug|Any CPU.ActiveCfg = Debug|Any CPU
		{3AFF6690-6E8D-49C2-B660-14757CB173CD}.Debug|Any CPU.Build.0 = Debug|Any CPU
		{3AFF6690-6E8D-49C2-B660-14757CB173CD}.Release|Any CPU.ActiveCfg = Release|Any CPU
		{3AFF6690-6E8D-49C2-B660-14757CB173CD}.Release|Any CPU.Build.0 = Release|Any CPU
	EndGlobalSection
	GlobalSection(SolutionProperties) = preSolution
		HideSolutionNode = FALSE
	EndGlobalSection
	GlobalSection(ExtensibilityGlobals) = postSolution
		SolutionGuid = {BE6E4316-0744-4AA8-8662-91823DA8A953}
	EndGlobalSection
EndGlobal
